
Microsoft Visual Studio Solution File, Format Version 12.00
# Visual Studio 15
VisualStudioVersion = 15.0.26124.0
MinimumVisualStudioVersion = 15.0.26124.0
Project("{FAE04EC0-301F-11D3-BF4B-00C04F79EFBC}") = "EPAM.CoreWorkshop.ReportHelper", "EPAM.CoreWorkshop.ReportHelper\EPAM.CoreWorkshop.ReportHelper.csproj", "{105DF313-3644-497F-A556-F3DB34C79A36}"
EndProject
Project("{FAE04EC0-301F-11D3-BF4B-00C04F79EFBC}") = "EPAM.CoreWorkshop.ReportHelper.Tests", "EPAM.CoreWorkshop.ReportHelper.Tests\EPAM.CoreWorkshop.ReportHelper.Tests.csproj", "{5A5DB010-4F31-4607-8C7D-1908590D0B04}"
EndProject
Project("{FAE04EC0-301F-11D3-BF4B-00C04F79EFBC}") = "EPAM.CoreWorkshop.TestConsoleApp", "EPAM.CoreWorkshop.TestConsoleApp\EPAM.CoreWorkshop.TestConsoleApp.csproj", "{CFFA9667-2E77-418D-A92F-22A1274D6011}"
EndProject
Global
	GlobalSection(SolutionConfigurationPlatforms) = preSolution
		Debug|Any CPU = Debug|Any CPU
		Debug|x64 = Debug|x64
		Debug|x86 = Debug|x86
		Release|Any CPU = Release|Any CPU
		Release|x64 = Release|x64
		Release|x86 = Release|x86
	EndGlobalSection
	GlobalSection(SolutionProperties) = preSolution
		HideSolutionNode = FALSE
	EndGlobalSection
	GlobalSection(ProjectConfigurationPlatforms) = postSolution
		{105DF313-3644-497F-A556-F3DB34C79A36}.Debug|Any CPU.ActiveCfg = Debug|Any CPU
		{105DF313-3644-497F-A556-F3DB34C79A36}.Debug|Any CPU.Build.0 = Debug|Any CPU
		{105DF313-3644-497F-A556-F3DB34C79A36}.Debug|x64.ActiveCfg = Debug|Any CPU
		{105DF313-3644-497F-A556-F3DB34C79A36}.Debug|x64.Build.0 = Debug|Any CPU
		{105DF313-3644-497F-A556-F3DB34C79A36}.Debug|x86.ActiveCfg = Debug|Any CPU
		{105DF313-3644-497F-A556-F3DB34C79A36}.Debug|x86.Build.0 = Debug|Any CPU
		{105DF313-3644-497F-A556-F3DB34C79A36}.Release|Any CPU.ActiveCfg = Release|Any CPU
		{105DF313-3644-497F-A556-F3DB34C79A36}.Release|Any CPU.Build.0 = Release|Any CPU
		{105DF313-3644-497F-A556-F3DB34C79A36}.Release|x64.ActiveCfg = Release|Any CPU
		{105DF313-3644-497F-A556-F3DB34C79A36}.Release|x64.Build.0 = Release|Any CPU
		{105DF313-3644-497F-A556-F3DB34C79A36}.Release|x86.ActiveCfg = Release|Any CPU
		{105DF313-3644-497F-A556-F3DB34C79A36}.Release|x86.Build.0 = Release|Any CPU
		{5A5DB010-4F31-4607-8C7D-1908590D0B04}.Debug|Any CPU.ActiveCfg = Debug|Any CPU
		{5A5DB010-4F31-4607-8C7D-1908590D0B04}.Debug|Any CPU.Build.0 = Debug|Any CPU
		{5A5DB010-4F31-4607-8C7D-1908590D0B04}.Debug|x64.ActiveCfg = Debug|Any CPU
		{5A5DB010-4F31-4607-8C7D-1908590D0B04}.Debug|x64.Build.0 = Debug|Any CPU
		{5A5DB010-4F31-4607-8C7D-1908590D0B04}.Debug|x86.ActiveCfg = Debug|Any CPU
		{5A5DB010-4F31-4607-8C7D-1908590D0B04}.Debug|x86.Build.0 = Debug|Any CPU
		{5A5DB010-4F31-4607-8C7D-1908590D0B04}.Release|Any CPU.ActiveCfg = Release|Any CPU
		{5A5DB010-4F31-4607-8C7D-1908590D0B04}.Release|Any CPU.Build.0 = Release|Any CPU
		{5A5DB010-4F31-4607-8C7D-1908590D0B04}.Release|x64.ActiveCfg = Release|Any CPU
		{5A5DB010-4F31-4607-8C7D-1908590D0B04}.Release|x64.Build.0 = Release|Any CPU
		{5A5DB010-4F31-4607-8C7D-1908590D0B04}.Release|x86.ActiveCfg = Release|Any CPU
		{5A5DB010-4F31-4607-8C7D-1908590D0B04}.Release|x86.Build.0 = Release|Any CPU
		{CFFA9667-2E77-418D-A92F-22A1274D6011}.Debug|Any CPU.ActiveCfg = Debug|Any CPU
		{CFFA9667-2E77-418D-A92F-22A1274D6011}.Debug|Any CPU.Build.0 = Debug|Any CPU
		{CFFA9667-2E77-418D-A92F-22A1274D6011}.Debug|x64.ActiveCfg = Debug|Any CPU
		{CFFA9667-2E77-418D-A92F-22A1274D6011}.Debug|x64.Build.0 = Debug|Any CPU
		{CFFA9667-2E77-418D-A92F-22A1274D6011}.Debug|x86.ActiveCfg = Debug|Any CPU
		{CFFA9667-2E77-418D-A92F-22A1274D6011}.Debug|x86.Build.0 = Debug|Any CPU
		{CFFA9667-2E77-418D-A92F-22A1274D6011}.Release|Any CPU.ActiveCfg = Release|Any CPU
		{CFFA9667-2E77-418D-A92F-22A1274D6011}.Release|Any CPU.Build.0 = Release|Any CPU
		{CFFA9667-2E77-418D-A92F-22A1274D6011}.Release|x64.ActiveCfg = Release|Any CPU
		{CFFA9667-2E77-418D-A92F-22A1274D6011}.Release|x64.Build.0 = Release|Any CPU
		{CFFA9667-2E77-418D-A92F-22A1274D6011}.Release|x86.ActiveCfg = Release|Any CPU
		{CFFA9667-2E77-418D-A92F-22A1274D6011}.Release|x86.Build.0 = Release|Any CPU
	EndGlobalSection
EndGlobal
